{
  "name": "azure_monitor_workbook_templates",
  "version": "1.0.0",
  "lockfileVersion": 1,
  "requires": true,
  "dependencies": {
    "appinsights-package-version-bumper": {
      "version": "2.0.0",
      "resolved": "https://msazure.pkgs.visualstudio.com/_packaging/ApplicationInsights-Team/npm/registry/appinsights-package-version-bumper/-/appinsights-package-version-bumper-2.0.0.tgz",
      "integrity": "sha1-CnEelm5gAjaRzp33SA1dX4/xNcc=",
      "dev": true
    }
  }
}
