{
  "name": "azure_monitor_workbook_template_analyzer",
  "version": "1.0.0",
  "lockfileVersion": 3,
  "requires": true,
  "packages": {
    "": {
      "name": "azure_monitor_workbook_template_analyzer",
      "version": "1.0.0",
      "license": "ISC",
      "devDependencies": {
        "@types/node": "12.0.0",
        "jsonpath-plus": "^10.4.0",
        "typescript": "^4.1.2"
      }
    },
    "node_modules/@jsep-plugin/assignment": {
      "version": "1.3.0",
      "resolved": "https://ms-feed-25.pkgs.visualstudio.com/1es-public/_packaging/npm-public/npm/registry/@jsep-plugin/assignment/-/assignment-1.3.0.tgz",
      "integrity": "sha1-/PxUF6BJM/fO7nhuirSYqjziskI=",
      "dev": true,
      "license": "MIT",
      "engines": {
        "node": ">= 10.16.0"
      },
      "peerDependencies": {
        "jsep": "^0.4.0||^1.0.0"
      }
    },
    "node_modules/@jsep-plugin/regex": {
      "version": "1.0.4",
      "resolved": "https://ms-feed-12.pkgs.visualstudio.com/1es-public/_packaging/npm-public/npm/registry/@jsep-plugin/regex/-/regex-1.0.4.tgz",
      "integrity": "sha1-yy/EIyIPpxxgkyO5un99NEp1X8w=",
      "dev": true,
      "license": "MIT",
      "engines": {
        "node": ">= 10.16.0"
      },
      "peerDependencies": {
        "jsep": "^0.4.0||^1.0.0"
      }
    },
    "node_modules/@types/node": {
      "version": "12.0.0",
      "resolved": "https://msazure.pkgs.visualstudio.com/_packaging/ApplicationInsights-Team/npm/registry/@types/node/-/node-12.0.0.tgz",
      "integrity": "sha1-0RgTucD/iqyinwTLwSgX9MfWVuU=",
      "dev": true,
      "license": "MIT"
    },
    "node_modules/jsep": {
      "version": "1.4.0",
      "resolved": "https://ms-feed-12.pkgs.visualstudio.com/1es-public/_packaging/npm-public/npm/registry/jsep/-/jsep-1.4.0.tgz",
      "integrity": "sha1-Gf7Mv6Udinn3JIC0uOQM4uFxUvA=",
      "dev": true,
      "license": "MIT",
      "peer": true,
      "engines": {
        "node": ">= 10.16.0"
      }
    },
    "node_modules/jsonpath-plus": {
      "version": "10.4.0",
      "resolved": "https://ms-feed-25.pkgs.visualstudio.com/1es-public/_packaging/npm-public/npm/registry/jsonpath-plus/-/jsonpath-plus-10.4.0.tgz",
      "integrity": "sha1-c89UXCMa/aIUUhULeipY5I4QlwI=",
      "dev": true,
      "license": "MIT",
      "dependencies": {
        "@jsep-plugin/assignment": "^1.3.0",
        "@jsep-plugin/regex": "^1.0.4",
        "jsep": "^1.4.0"
      },
      "bin": {
        "jsonpath": "bin/jsonpath-cli.js",
        "jsonpath-plus": "bin/jsonpath-cli.js"
      },
      "engines": {
        "node": ">=18.0.0"
      }
    },
    "node_modules/typescript": {
      "version": "4.8.4",
      "resolved": "https://msazure.pkgs.visualstudio.com/_packaging/ApplicationInsights-Team/npm/registry/typescript/-/typescript-4.8.4.tgz",
      "integrity": "sha1-xGSryhWWaVl75flriUNQCyOOYOY=",
      "dev": true,
      "license": "Apache-2.0",
      "bin": {
        "tsc": "bin/tsc",
        "tsserver": "bin/tsserver"
      },
      "engines": {
        "node": ">=4.2.0"
      }
    }
  }
}
