{
  "name": "azure_monitor_workbook_templates",
  "version": "1.0.0",
  "lockfileVersion": 1,
  "requires": true,
  "dependencies": {
    "@types/node": {
      "version": "12.0.0",
      "resolved": "https://msazure.pkgs.visualstudio.com/_packaging/ApplicationInsights-Team/npm/registry/@types/node/-/node-12.0.0.tgz",
      "integrity": "sha1-0RgTucD/iqyinwTLwSgX9MfWVuU=",
      "dev": true
    },
    "appinsights-package-version-bumper": {
      "version": "2.0.0",
      "resolved": "https://msazure.pkgs.visualstudio.com/_packaging/ApplicationInsights-Team/npm/registry/appinsights-package-version-bumper/-/appinsights-package-version-bumper-2.0.0.tgz",
      "integrity": "sha1-CnEelm5gAjaRzp33SA1dX4/xNcc=",
      "dev": true
    },
    "deep-is": {
      "version": "0.1.4",
      "resolved": "https://msazure.pkgs.visualstudio.com/_packaging/ApplicationInsights-Team/npm/registry/deep-is/-/deep-is-0.1.4.tgz",
      "integrity": "sha1-pvLc5hL63S7x9Rm3NVHxfoUZmDE=",
      "dev": true
    },
    "escodegen": {
      "version": "1.14.3",
      "resolved": "https://msazure.pkgs.visualstudio.com/_packaging/ApplicationInsights-Team/npm/registry/escodegen/-/escodegen-1.14.3.tgz",
      "integrity": "sha1-TnuB+6YVgdyXWC7XjKt/Do1j9QM=",
      "dev": true,
      "requires": {
        "esprima": "^4.0.1",
        "estraverse": "^4.2.0",
        "esutils": "^2.0.2",
        "optionator": "^0.8.1",
        "source-map": "~0.6.1"
      },
      "dependencies": {
        "esprima": {
          "version": "4.0.1",
          "resolved": "https://msazure.pkgs.visualstudio.com/_packaging/ApplicationInsights-Team/npm/registry/esprima/-/esprima-4.0.1.tgz",
          "integrity": "sha1-E7BM2z5sXRnfkatph6hpVhmwqnE=",
          "dev": true
        }
      }
    },
    "esprima": {
      "version": "1.2.2",
      "resolved": "https://msazure.pkgs.visualstudio.com/_packaging/ApplicationInsights-Team/npm/registry/esprima/-/esprima-1.2.2.tgz",
      "integrity": "sha1-dqD9Zvz+FU/SkmZ9wmQBl1CxZXs=",
      "dev": true
    },
    "estraverse": {
      "version": "4.3.0",
      "resolved": "https://msazure.pkgs.visualstudio.com/_packaging/ApplicationInsights-Team/npm/registry/estraverse/-/estraverse-4.3.0.tgz",
      "integrity": "sha1-OYrT88WiSUi+dyXoPRGn3ijNvR0=",
      "dev": true
    },
    "esutils": {
      "version": "2.0.3",
      "resolved": "https://msazure.pkgs.visualstudio.com/_packaging/ApplicationInsights-Team/npm/registry/esutils/-/esutils-2.0.3.tgz",
      "integrity": "sha1-dNLrTeC42hKTcRkQ1Qd1ubcQ72Q=",
      "dev": true
    },
    "fast-levenshtein": {
      "version": "2.0.6",
      "resolved": "https://msazure.pkgs.visualstudio.com/_packaging/ApplicationInsights-Team/npm/registry/fast-levenshtein/-/fast-levenshtein-2.0.6.tgz",
      "integrity": "sha1-PYpcZog6FqMMqGQ+hR8Zuqd5eRc=",
      "dev": true
    },
    "jsonpath": {
      "version": "1.1.1",
      "resolved": "https://msazure.pkgs.visualstudio.com/_packaging/ApplicationInsights-Team/npm/registry/jsonpath/-/jsonpath-1.1.1.tgz",
      "integrity": "sha1-DKHtj7ZbszCSSMydVGbRLVsLmQE=",
      "dev": true,
      "requires": {
        "esprima": "1.2.2",
        "static-eval": "2.0.2",
        "underscore": "1.12.1"
      }
    },
    "levn": {
      "version": "0.3.0",
      "resolved": "https://msazure.pkgs.visualstudio.com/_packaging/ApplicationInsights-Team/npm/registry/levn/-/levn-0.3.0.tgz",
      "integrity": "sha1-OwmSTt+fCDwEkP3UwLxEIeBHZO4=",
      "dev": true,
      "requires": {
        "prelude-ls": "~1.1.2",
        "type-check": "~0.3.2"
      }
    },
    "optionator": {
      "version": "0.8.3",
      "resolved": "https://msazure.pkgs.visualstudio.com/_packaging/ApplicationInsights-Team/npm/registry/optionator/-/optionator-0.8.3.tgz",
      "integrity": "sha1-hPodA2/p08fiHZmIS2ARZ+yPtJU=",
      "dev": true,
      "requires": {
        "deep-is": "~0.1.3",
        "fast-levenshtein": "~2.0.6",
        "levn": "~0.3.0",
        "prelude-ls": "~1.1.2",
        "type-check": "~0.3.2",
        "word-wrap": "~1.2.3"
      }
    },
    "prelude-ls": {
      "version": "1.1.2",
      "resolved": "https://msazure.pkgs.visualstudio.com/_packaging/ApplicationInsights-Team/npm/registry/prelude-ls/-/prelude-ls-1.1.2.tgz",
      "integrity": "sha1-IZMqVJ9eUv/ZqCf1cOBL5iqX2lQ=",
      "dev": true
    },
    "source-map": {
      "version": "0.6.1",
      "resolved": "https://msazure.pkgs.visualstudio.com/_packaging/ApplicationInsights-Team/npm/registry/source-map/-/source-map-0.6.1.tgz",
      "integrity": "sha1-dHIq8y6WFOnCh6jQu95IteLxomM=",
      "dev": true,
      "optional": true
    },
    "static-eval": {
      "version": "2.0.2",
      "resolved": "https://msazure.pkgs.visualstudio.com/_packaging/ApplicationInsights-Team/npm/registry/static-eval/-/static-eval-2.0.2.tgz",
      "integrity": "sha1-LRdZMGsb76aIk4RUxUa3hx+AakI=",
      "dev": true,
      "requires": {
        "escodegen": "^1.8.1"
      }
    },
    "type-check": {
      "version": "0.3.2",
      "resolved": "https://msazure.pkgs.visualstudio.com/_packaging/ApplicationInsights-Team/npm/registry/type-check/-/type-check-0.3.2.tgz",
      "integrity": "sha1-WITKtRLPHTVeP7eE8wgEsrUg23I=",
      "dev": true,
      "requires": {
        "prelude-ls": "~1.1.2"
      }
    },
    "typescript": {
      "version": "4.8.4",
      "resolved": "https://msazure.pkgs.visualstudio.com/_packaging/ApplicationInsights-Team/npm/registry/typescript/-/typescript-4.8.4.tgz",
      "integrity": "sha1-xGSryhWWaVl75flriUNQCyOOYOY=",
      "dev": true
    },
    "underscore": {
      "version": "1.12.1",
      "resolved": "https://msazure.pkgs.visualstudio.com/_packaging/ApplicationInsights-Team/npm/registry/underscore/-/underscore-1.12.1.tgz",
      "integrity": "sha1-e7jMmz05fiAc+FUzNtJiVE6tgp4=",
      "dev": true
    },
    "word-wrap": {
      "version": "1.2.3",
      "resolved": "https://msazure.pkgs.visualstudio.com/_packaging/ApplicationInsights-Team/npm/registry/word-wrap/-/word-wrap-1.2.3.tgz",
      "integrity": "sha1-YQY29rH3A4kb00dxzLF/uTtHB5w=",
      "dev": true
    }
  }
}
